<?xml version="1.0" encoding="utf-8"?>
<Project ToolsVersion="4.0" xmlns="http://schemas.microsoft.com/developer/msbuild/2003">
  <ItemGroup>
    <Filter Include="Events">
      <UniqueIdentifier>{3A8963B1-262B-8E87-0FE6-A1DBFB2615D8}</UniqueIdentifier>
    </Filter>
    <Filter Include="Window">
      <UniqueIdentifier>{3DEA79DA-298C-A4B0-1247-B804FE872B01}</UniqueIdentifier>
    </Filter>
  </ItemGroup>
  <ItemGroup>
    <ClInclude Include="Renderer\Application.h" />
    <ClInclude Include="Renderer\EntryPoint.h" />
    <ClInclude Include="Renderer\Events\ApplicationEvent.h">
      <Filter>Events</Filter>
    </ClInclude>
    <ClInclude Include="Renderer\Events\Event.h">
      <Filter>Events</Filter>
    </ClInclude>
    <ClInclude Include="Renderer\Events\KeyEvent.h">
      <Filter>Events</Filter>
    </ClInclude>
    <ClInclude Include="Renderer\Events\MouseEvent.h">
      <Filter>Events</Filter>
    </ClInclude>
    <ClInclude Include="Renderer\Includes.h" />
    <ClInclude Include="Renderer\OpenGL\OpenGlContext.h" />
    <ClInclude Include="Renderer\Window.h" />
    <ClInclude Include="Renderer\Window\Input.h">
      <Filter>Window</Filter>
    </ClInclude>
    <ClInclude Include="Renderer\Window\InputCodes.h">
      <Filter>Window</Filter>
    </ClInclude>
    <ClInclude Include="Renderer\Window\WindowsInput.h">
      <Filter>Window</Filter>
    </ClInclude>
    <ClInclude Include="Renderer\Window\WindowsWindow.h">
      <Filter>Window</Filter>
    </ClInclude>
    <ClInclude Include="Renderer\OpenGL\OpenGlShader.h" />
    <ClInclude Include="Renderer\Sphere.h" />
    <ClInclude Include="Renderer\Camera\Camera.h" />
    <ClInclude Include="Renderer\OpenGL\OpenGLRenderer.h" />
  </ItemGroup>
  <ItemGroup>
    <ClCompile Include="Renderer\Application.cpp" />
    <ClCompile Include="Renderer\OpenGL\OpenGlContext.cpp" />
    <ClCompile Include="Renderer\Window.cpp" />
    <ClCompile Include="Renderer\Window\WindowsInput.cpp">
      <Filter>Window</Filter>
    </ClCompile>
    <ClCompile Include="Renderer\Window\WindowsWindow.cpp">
      <Filter>Window</Filter>
    </ClCompile>
    <ClCompile Include="Renderer\OpenGL\OpenGlShader.cpp" />
    <ClCompile Include="Renderer\Camera\Camera.cpp" />
    <ClCompile Include="Renderer\OpenGL\OpenGLRenderer.cpp" />
  </ItemGroup>
  <ItemGroup>
    <None Include="Shaders\LightingShader.glsl" />
  </ItemGroup>
</Project>